# THIS IS AN AUTOGENERATED FILE. DO NOT EDIT THIS FILE DIRECTLY.
# yarn lockfile v1


"@ungap/create-content@^0.2.0":
  version "0.2.0"
  resolved "https://registry.yarnpkg.com/@ungap/create-content/-/create-content-0.2.0.tgz#f123a7c79f391d853600abf6dba44034a8ced58e"
  integrity sha512-CvmX0Mr5PfFARDBbSef0B+SAqSeMKaHOG/twJi9nbPtp/MiNPgyBLqZndiyO3RXQ0RXy6TqwarvB6KWzTmc4MQ==

"@ungap/import-node@^0.2.0":
  version "0.2.0"
  resolved "https://registry.yarnpkg.com/@ungap/import-node/-/import-node-0.2.0.tgz#5fd4b753a0ae52f6478f16ab669ddae461009135"
  integrity sha512-VuWVBAMRjoOc63n8Cc19brS7KlhYJ+57790LF+lVw60nMRemCrz1T6HnoNx74IEW3FS+TM+vveJ70C6NyTKODQ==

"@ungap/trim@^0.2.0":
  version "0.2.0"
  resolved "https://registry.yarnpkg.com/@ungap/trim/-/trim-0.2.0.tgz#71cc7998ef41a1b08ed94705c2f81f70c3cd2e10"
  integrity sha512-CfsUxeZ2R/O3EGCOe+IkAU32yHOdO+mCRmtavSIQ4HZN3Jiq/ynGzq8/asyamd28U26UJmpSV/TC7+p7qELKrg==

"@ungap/weakmap@^0.2.1":
  version "0.2.1"
  resolved "https://registry.yarnpkg.com/@ungap/weakmap/-/weakmap-0.2.1.tgz#b690f139bb7aa97255182faff86777ca855c115d"
  integrity sha512-GmVAWB+JuFKqSbzlofYK4qxk955gEv4Kd9/aj2hLOxneXMAm/J7OXcl5DlElS9tmkqwCcxGysSZGOrjzNvmjFQ==

domconstants@^0.1.2:
  version "0.1.2"
  resolved "https://registry.yarnpkg.com/domconstants/-/domconstants-0.1.2.tgz#cfb75c667e32ce69f9044b72cc31db2e06835815"
  integrity sha512-sPOoOckTxtwy5t8PFf6zl11gOEhOpl1k0ZCc/NfCNmHoMw8n9HnCQCzxWKX9gdBp+qM+2DTFkst++Yw6C41izQ==

domsanitizer@^0.2.2, domsanitizer@^0.2.3:
  version "0.2.3"
  resolved "https://registry.yarnpkg.com/domsanitizer/-/domsanitizer-0.2.3.tgz#5f7a045ba80227719388358c0f6b6549760d05ad"
  integrity sha512-qglHc+5k5C2+WSEzck0WGbpa2exCKZuZKb0n4RU2Wuy7BPkpmf67mHD1BJWGxs0iJYl709f2YVeJMh06c1ILlA==
  dependencies:
    domconstants "^0.1.2"

domtagger@^0.7.1:
  version "0.7.2"
  resolved "https://registry.yarnpkg.com/domtagger/-/domtagger-0.7.2.tgz#48c91ec7af7a444239bf6922d47ffd52e49d2cb1"
  integrity sha512-h7g5eduvnLwowJJPkcB5lNzo8vd/Hx4e3I4IOtLpX0qB2wBiuryGLNa61MeFre4b6gMaQIhegMIZ2I8rQCAJwQ==
  dependencies:
    "@ungap/create-content" "^0.2.0"
    "@ungap/import-node" "^0.2.0"
    "@ungap/trim" "^0.2.0"
    "@ungap/weakmap" "^0.2.1"
    domconstants "^0.1.2"
    domsanitizer "^0.2.2"
    umap "^1.0.2"

esbuild-android-arm64@0.14.21:
  version "0.14.21"
  resolved "https://registry.yarnpkg.com/esbuild-android-arm64/-/esbuild-android-arm64-0.14.21.tgz#8842d0c3b7c81fbe2dc46ddb416ffd6eb822184b"
  integrity sha512-Bqgld1TY0wZv8TqiQmVxQFgYzz8ZmyzT7clXBDZFkOOdRybzsnj8AZuK1pwcLVA7Ya6XncHgJqIao7NFd3s0RQ==

esbuild-darwin-64@0.14.21:
  version "0.14.21"
  resolved "https://registry.yarnpkg.com/esbuild-darwin-64/-/esbuild-darwin-64-0.14.21.tgz#ec7df02ad88ecf7f8fc23a3ed7917e07dea0c9c9"
  integrity sha512-j+Eg+e13djzyYINVvAbOo2/zvZ2DivuJJTaBrJnJHSD7kUNuGHRkHoSfFjbI80KHkn091w350wdmXDNSgRjfYQ==

esbuild-darwin-arm64@0.14.21:
  version "0.14.21"
  resolved "https://registry.yarnpkg.com/esbuild-darwin-arm64/-/esbuild-darwin-arm64-0.14.21.tgz#0c2a977edec1ef54097ee56a911518c820d4e5e4"
  integrity sha512-nDNTKWDPI0RuoPj5BhcSB2z5EmZJJAyRtZLIjyXSqSpAyoB8eyAKXl4lB8U2P78Fnh4Lh1le/fmpewXE04JhBQ==

esbuild-freebsd-64@0.14.21:
  version "0.14.21"
  resolved "https://registry.yarnpkg.com/esbuild-freebsd-64/-/esbuild-freebsd-64-0.14.21.tgz#f5b5fc1d031286c3a0949d1bda7db774b7d0404e"
  integrity sha512-zIurkCHXhxELiDZtLGiexi8t8onQc2LtuE+S7457H/pP0g0MLRKMrsn/IN4LDkNe6lvBjuoZZi2OfelOHn831g==

esbuild-freebsd-arm64@0.14.21:
  version "0.14.21"
  resolved "https://registry.yarnpkg.com/esbuild-freebsd-arm64/-/esbuild-freebsd-arm64-0.14.21.tgz#a05cab908013e4992b31a675850b8c44eb468c0c"
  integrity sha512-wdxMmkJfbwcN+q85MpeUEamVZ40FNsBa9mPq8tAszDn8TRT2HoJvVRADPIIBa9SWWwlDChIMjkDKAnS3KS/sPA==

esbuild-linux-32@0.14.21:
  version "0.14.21"
  resolved "https://registry.yarnpkg.com/esbuild-linux-32/-/esbuild-linux-32-0.14.21.tgz#638d244cc58b951f447addb4bade628d126ef84b"
  integrity sha512-fmxvyzOPPh2xiEHojpCeIQP6pXcoKsWbz3ryDDIKLOsk4xp3GbpHIEAWP0xTeuhEbendmvBDVKbAVv3PnODXLg==

esbuild-linux-64@0.14.21:
  version "0.14.21"
  resolved "https://registry.yarnpkg.com/esbuild-linux-64/-/esbuild-linux-64-0.14.21.tgz#8eb634abee928be7e35b985fafbfef2f2e31397f"
  integrity sha512-edZyNOv1ql+kpmlzdqzzDjRQYls+tSyi4QFi+PdBhATJFUqHsnNELWA9vMSzAaInPOEaVUTA5Ml28XFChcy4DA==

esbuild-linux-arm64@0.14.21:
  version "0.14.21"
  resolved "https://registry.yarnpkg.com/esbuild-linux-arm64/-/esbuild-linux-arm64-0.14.21.tgz#e05599ea6253b58394157da162d856f3ead62f9e"
  integrity sha512-t5qxRkq4zdQC0zXpzSB2bTtfLgOvR0C6BXYaRE/6/k8/4SrkZcTZBeNu+xGvwCU4b5dU9ST9pwIWkK6T1grS8g==

esbuild-linux-arm@0.14.21:
  version "0.14.21"
  resolved "https://registry.yarnpkg.com/esbuild-linux-arm/-/esbuild-linux-arm-0.14.21.tgz#1ae1078231cf689d3ba894a32d3723c0be9b91fd"
  integrity sha512-aSU5pUueK6afqmLQsbU+QcFBT62L+4G9hHMJDHWfxgid6hzhSmfRH9U/f+ymvxsSTr/HFRU4y7ox8ZyhlVl98w==

esbuild-linux-mips64le@0.14.21:
  version "0.14.21"
  resolved "https://registry.yarnpkg.com/esbuild-linux-mips64le/-/esbuild-linux-mips64le-0.14.21.tgz#f05be62d126764e99b37edcac5bb49b78c7a8890"
  integrity sha512-jLZLQGCNlUsmIHtGqNvBs3zN+7a4D9ckf0JZ+jQTwHdZJ1SgV9mAjbB980OFo66LoY+WeM7t3WEnq3FjI1zw4A==

esbuild-linux-ppc64le@0.14.21:
  version "0.14.21"
  resolved "https://registry.yarnpkg.com/esbuild-linux-ppc64le/-/esbuild-linux-ppc64le-0.14.21.tgz#592c98d82dad7982268ef8deed858c4566f07ab1"
  integrity sha512-4TWxpK391en2UBUw6GSrukToTDu6lL9vkm3Ll40HrI08WG3qcnJu7bl8e1+GzelDsiw1QmfAY/nNvJ6iaHRpCQ==

esbuild-linux-riscv64@0.14.21:
  version "0.14.21"
  resolved "https://registry.yarnpkg.com/esbuild-linux-riscv64/-/esbuild-linux-riscv64-0.14.21.tgz#0db7bd6f10d8f9afea973a7d6bf87b449b864b7b"
  integrity sha512-fElngqOaOfTsF+u+oetDLHsPG74vB2ZaGZUqmGefAJn3a5z9Z2pNa4WpVbbKgHpaAAy5tWM1m1sbGohj6Ki6+Q==

esbuild-linux-s390x@0.14.21:
  version "0.14.21"
  resolved "https://registry.yarnpkg.com/esbuild-linux-s390x/-/esbuild-linux-s390x-0.14.21.tgz#254a9354d34c9d1b41a3e21d2ec9269cbbb2c5df"
  integrity sha512-brleZ6R5fYv0qQ7ZBwenQmP6i9TdvJCB092c/3D3pTLQHBGHJb5zWgKxOeS7bdHzmLy6a6W7GbFk6QKpjyD6QA==

esbuild-netbsd-64@0.14.21:
  version "0.14.21"
  resolved "https://registry.yarnpkg.com/esbuild-netbsd-64/-/esbuild-netbsd-64-0.14.21.tgz#4cb783d060b02bf3b897a9a12cce2b3b547726f8"
  integrity sha512-nCEgsLCQ8RoFWVV8pVI+kX66ICwbPP/M9vEa0NJGIEB/Vs5sVGMqkf67oln90XNSkbc0bPBDuo4G6FxlF7PN8g==

esbuild-openbsd-64@0.14.21:
  version "0.14.21"
  resolved "https://registry.yarnpkg.com/esbuild-openbsd-64/-/esbuild-openbsd-64-0.14.21.tgz#f886b93feefddbe573528fa4b421c9c6e2bc969b"
  integrity sha512-h9zLMyVD0T73MDTVYIb/qUTokwI6EJH9O6wESuTNq6+XpMSr6C5aYZ4fvFKdNELW+Xsod+yDS2hV2JTUAbFrLA==

esbuild-sunos-64@0.14.21:
  version "0.14.21"
  resolved "https://registry.yarnpkg.com/esbuild-sunos-64/-/esbuild-sunos-64-0.14.21.tgz#3829e4d57d4cb6950837fe90b0b67cdfb37cf13a"
  integrity sha512-Kl+7Cot32qd9oqpLdB1tEGXEkjBlijrIxMJ0+vlDFaqsODutif25on0IZlFxEBtL2Gosd4p5WCV1U7UskNQfXA==

esbuild-windows-32@0.14.21:
  version "0.14.21"
  resolved "https://registry.yarnpkg.com/esbuild-windows-32/-/esbuild-windows-32-0.14.21.tgz#b858a22d1a82e53cdc59310cd56294133f7a95e7"
  integrity sha512-V7vnTq67xPBUCk/9UtlolmQ798Ecjdr1ZoI1vcSgw7M82aSSt0eZdP6bh5KAFZU8pxDcx3qoHyWQfHYr11f22A==

esbuild-windows-64@0.14.21:
  version "0.14.21"
  resolved "https://registry.yarnpkg.com/esbuild-windows-64/-/esbuild-windows-64-0.14.21.tgz#7bb5a027d5720cf9caf18a4bedd11327208f1f12"
  integrity sha512-kDgHjKOHwjfJDCyRGELzVxiP/RBJBTA+wyspf78MTTJQkyPuxH2vChReNdWc+dU2S4gIZFHMdP1Qrl/k22ZmaA==

esbuild-windows-arm64@0.14.21:
  version "0.14.21"
  resolved "https://registry.yarnpkg.com/esbuild-windows-arm64/-/esbuild-windows-arm64-0.14.21.tgz#25df54521ad602c826b262ea2e7cc1fe80f5c2f5"
  integrity sha512-8Sbo0zpzgwWrwjQYLmHF78f7E2xg5Ve63bjB2ng3V2aManilnnTGaliq2snYg+NOX60+hEvJHRdVnuIAHW0lVw==

esbuild@^0.14.14:
  version "0.14.21"
  resolved "https://registry.yarnpkg.com/esbuild/-/esbuild-0.14.21.tgz#b3e05f900f1c4394f596d60d63d9816468f0f671"
  integrity sha512-7WEoNMBJdLN993dr9h0CpFHPRc3yFZD+EAVY9lg6syJJ12gc5fHq8d75QRExuhnMkT2DaRiIKFThRvDWP+fO+A==
  optionalDependencies:
    esbuild-android-arm64 "0.14.21"
    esbuild-darwin-64 "0.14.21"
    esbuild-darwin-arm64 "0.14.21"
    esbuild-freebsd-64 "0.14.21"
    esbuild-freebsd-arm64 "0.14.21"
    esbuild-linux-32 "0.14.21"
    esbuild-linux-64 "0.14.21"
    esbuild-linux-arm "0.14.21"
    esbuild-linux-arm64 "0.14.21"
    esbuild-linux-mips64le "0.14.21"
    esbuild-linux-ppc64le "0.14.21"
    esbuild-linux-riscv64 "0.14.21"
    esbuild-linux-s390x "0.14.21"
    esbuild-netbsd-64 "0.14.21"
    esbuild-openbsd-64 "0.14.21"
    esbuild-sunos-64 "0.14.21"
    esbuild-windows-32 "0.14.21"
    esbuild-windows-64 "0.14.21"
    esbuild-windows-arm64 "0.14.21"

fsevents@~2.3.2:
  version "2.3.2"
  resolved "https://registry.yarnpkg.com/fsevents/-/fsevents-2.3.2.tgz#8a526f78b8fdf4623b709e0b975c52c24c02fd1a"
  integrity sha512-xiqMQR4xAeHTuB9uWm+fFRcIOgKBMiOBP+eXiyT7jsgVCq1bkVygt00oASowB7EdtpOHaaPgKt812P9ab+DDKA==

function-bind@^1.1.1:
  version "1.1.1"
  resolved "https://registry.yarnpkg.com/function-bind/-/function-bind-1.1.1.tgz#a56899d3ea3c9bab874bb9773b7c5ede92f4895d"
  integrity sha512-yIovAzMX49sF8Yl58fSCWJ5svSLuaibPxXQJFLmBObTuCr0Mf1KiPopGM9NiFjiYBCbfaa2Fh6breQ6ANVTI0A==

has@^1.0.3:
  version "1.0.3"
  resolved "https://registry.yarnpkg.com/has/-/has-1.0.3.tgz#722d7cbfc1f6aa8241f16dd814e011e1f41e8796"
  integrity sha512-f2dvO0VU6Oej7RkWJGrehjbzMAjFp5/VKPp5tTpWIV4JHHZK1/BxbFRtf/siA2SWTe09caDmVtYYzWEIbBS4zw==
  dependencies:
    function-bind "^1.1.1"

hyperhtml-style@^0.1.2:
  version "0.1.3"
  resolved "https://registry.yarnpkg.com/hyperhtml-style/-/hyperhtml-style-0.1.3.tgz#ba7f704741c6d2f84c4d67e6544c01ebbd3f21d3"
  integrity sha512-IvLy8MzHTSJ0fDpSzrb8rcdnla6yROEmNBSxInEMyIFu2DQkbmpadTf6B4fHvnytN6iHL2gGwpe5/jHL3wMi+A==

immediate@~3.0.5:
  version "3.0.6"
  resolved "https://registry.yarnpkg.com/immediate/-/immediate-3.0.6.tgz#9db1dbd0faf8de6fbe0f5dd5e56bb606280de69b"
  integrity sha1-nbHb0Pr43m++D13V5Wu2BigN5ps=

is-core-module@^2.8.1:
  version "2.8.1"
  resolved "https://registry.yarnpkg.com/is-core-module/-/is-core-module-2.8.1.tgz#f59fdfca701d5879d0a6b100a40aa1560ce27211"
  integrity sha512-SdNCUs284hr40hFTFP6l0IfZ/RSrMXF3qgoRHd3/79unUTvrFO/JoXwkGm+5J/Oe3E/b5GsnG330uUNgRpu1PA==
  dependencies:
    has "^1.0.3"

lie@3.1.1:
  version "3.1.1"
  resolved "https://registry.yarnpkg.com/lie/-/lie-3.1.1.tgz#9a436b2cc7746ca59de7a41fa469b3efb76bd87e"
  integrity sha1-mkNrLMd0bKWd56QfpGmz77dr2H4=
  dependencies:
    immediate "~3.0.5"

lighterhtml@4.2.0:
  version "4.2.0"
  resolved "https://registry.yarnpkg.com/lighterhtml/-/lighterhtml-4.2.0.tgz#2f7fc9071bdd82abbb8b101e187f904fcd364881"
  integrity sha512-HAb+Ri17iT+vYmFtarlt45O63BltoJY/ltDZGhnf2A1s4kno2j6su5KiZAgYD4/5AjODYQqflSy9KJZFwL5VwQ==
  dependencies:
    "@ungap/create-content" "^0.2.0"
    "@ungap/weakmap" "^0.2.1"
    domsanitizer "^0.2.3"
    domtagger "^0.7.1"
    hyperhtml-style "^0.1.2"
    udomdiff "^1.1.0"
    uhandlers "^0.4.2"
    umap "^1.0.2"
    uwire "^1.1.0"

localforage@1.10.0:
  version "1.10.0"
  resolved "https://registry.yarnpkg.com/localforage/-/localforage-1.10.0.tgz#5c465dc5f62b2807c3a84c0c6a1b1b3212781dd4"
  integrity sha512-14/H1aX7hzBBmmh7sGPd+AOMkkIrHM3Z1PAyGgZigA1H1p5O5ANnMyWzvpAETtG68/dC4pC0ncy3+PPGzXZHPg==
  dependencies:
    lie "3.1.1"

nanoid@^3.2.0:
  version "3.2.0"
  resolved "https://registry.yarnpkg.com/nanoid/-/nanoid-3.2.0.tgz#62667522da6673971cca916a6d3eff3f415ff80c"
  integrity sha512-fmsZYa9lpn69Ad5eDn7FMcnnSR+8R34W9qJEijxYhTbfOWzr22n1QxCMzXLK+ODyW2973V3Fux959iQoUxzUIA==

path-parse@^1.0.7:
  version "1.0.7"
  resolved "https://registry.yarnpkg.com/path-parse/-/path-parse-1.0.7.tgz#fbc114b60ca42b30d9daf5858e4bd68bbedb6735"
  integrity sha512-LDJzPVEEEPR+y48z93A0Ed0yXb8pAByGWo/k5YYdYgpY2/2EsOsksJrq7lOHxryrVOn1ejG6oAp8ahvOIQD8sw==

picocolors@^1.0.0:
  version "1.0.0"
  resolved "https://registry.yarnpkg.com/picocolors/-/picocolors-1.0.0.tgz#cb5bdc74ff3f51892236eaf79d68bc44564ab81c"
  integrity sha512-1fygroTLlHu66zi26VoTDv8yRgm0Fccecssto+MhsZ0D/DGW2sm8E8AjW7NU5VVTRt5GxbeZ5qBuJr+HyLYkjQ==

postcss@^8.4.6:
  version "8.4.6"
  resolved "https://registry.yarnpkg.com/postcss/-/postcss-8.4.6.tgz#c5ff3c3c457a23864f32cb45ac9b741498a09ae1"
  integrity sha512-OovjwIzs9Te46vlEx7+uXB0PLijpwjXGKXjVGGPIGubGpq7uh5Xgf6D6FiJ/SzJMBosHDp6a2hiXOS97iBXcaA==
  dependencies:
    nanoid "^3.2.0"
    picocolors "^1.0.0"
    source-map-js "^1.0.2"

proxy-compare@2.0.2:
  version "2.0.2"
  resolved "https://registry.yarnpkg.com/proxy-compare/-/proxy-compare-2.0.2.tgz#343e624d0ec399dfbe575f1d365d4fa042c9fc69"
  integrity sha512-3qUXJBariEj3eO90M3Rgqq3+/P5Efl0t/dl9g/1uVzIQmO3M+ql4hvNH3mYdu8H+1zcKv07YvL55tsY74jmH1A==

resolve@^1.22.0:
  version "1.22.0"
  resolved "https://registry.yarnpkg.com/resolve/-/resolve-1.22.0.tgz#5e0b8c67c15df57a89bdbabe603a002f21731198"
  integrity sha512-Hhtrw0nLeSrFQ7phPp4OOcVjLPIeMnRlr5mcnVuMe7M/7eBn98A3hmFRLoFo3DLZkivSYwhRUJTyPyWAk56WLw==
  dependencies:
    is-core-module "^2.8.1"
    path-parse "^1.0.7"
    supports-preserve-symlinks-flag "^1.0.0"

rollup@^2.59.0:
  version "2.67.2"
  resolved "https://registry.yarnpkg.com/rollup/-/rollup-2.67.2.tgz#d95e15f60932ad21e05a870bd0aa0b235d056f04"
  integrity sha512-hoEiBWwZtf1QdK3jZIq59L0FJj4Fiv4RplCO4pvCRC86qsoFurWB4hKQIjoRf3WvJmk5UZ9b0y5ton+62fC7Tw==
  optionalDependencies:
    fsevents "~2.3.2"

source-map-js@^1.0.2:
  version "1.0.2"
  resolved "https://registry.yarnpkg.com/source-map-js/-/source-map-js-1.0.2.tgz#adbc361d9c62df380125e7f161f71c826f1e490c"
  integrity sha512-R0XvVJ9WusLiqTCEiGCmICCMplcCkIwwR11mOSD9CR5u+IXYdiseeEuXCVAjS54zqwkLcPNnmU4OeJ6tUrWhDw==

supports-preserve-symlinks-flag@^1.0.0:
  version "1.0.0"
  resolved "https://registry.yarnpkg.com/supports-preserve-symlinks-flag/-/supports-preserve-symlinks-flag-1.0.0.tgz#6eda4bd344a3c94aea376d4cc31bc77311039e09"
  integrity sha512-ot0WnXS9fgdkgIcePe6RHNk1WA8+muPa6cSjeR3V8K27q9BB1rTE3R1p7Hv0z1ZyAc8s6Vvv8DIyWf681MAt0w==

uarray@^1.0.0:
  version "1.0.0"
  resolved "https://registry.yarnpkg.com/uarray/-/uarray-1.0.0.tgz#e89bf0ea2129596f4bf653b66e53246ed6562b6c"
  integrity sha512-LHmiAd5QuAv7pU2vbh+Zq9YOnqVK0H764p2Ozinpfy9ka58OID4IsGLiXsitqH7n0NAIDxvax1A/kDXpii/Ckg==

udomdiff@^1.1.0:
  version "1.1.0"
  resolved "https://registry.yarnpkg.com/udomdiff/-/udomdiff-1.1.0.tgz#1d0c4741b93a2ffd10728ca4cea15b277cc3082f"
  integrity sha512-aqjTs5x/wsShZBkVagdafJkP8S3UMGhkHKszsu1cszjjZ7iOp86+Qb3QOFYh01oWjPMy5ZTuxD6hw5uTKxd+VA==

uhandlers@^0.4.2:
  version "0.4.2"
  resolved "https://registry.yarnpkg.com/uhandlers/-/uhandlers-0.4.2.tgz#3cda71eaf1bec63b079ddacc897a68a3b7f614b8"
  integrity sha512-4M3yo0saEReMHiUz3yTDX/e9Z1Z+X8fVvDEywdjvWHPKqzpI6xEPJ21llrBf6Tvf7E5xaPCf9l5JXaYZRU7QRA==
  dependencies:
    uarray "^1.0.0"

umap@^1.0.2:
  version "1.0.2"
  resolved "https://registry.yarnpkg.com/umap/-/umap-1.0.2.tgz#2d7d4b145ad8c9f957921460798f3e221347c981"
  integrity sha512-bW127HgG4H4VAD6qlqO5vCC+7bnlYvZ6A6BdwyGblkWvlEG7VYpj1bcpf3iJpvyKmkPZWDIeZDmoULz67ec7NA==

uwire@^1.1.0:
  version "1.1.0"
  resolved "https://registry.yarnpkg.com/uwire/-/uwire-1.1.0.tgz#ae72a770a140311a0d640aebb21131a7934988ca"
  integrity sha512-XJPmJnySabt8D0/wnfFFywgUOBnXszDEW32nEVIfOx1n6gLTZSp+X+70+blSnHKNiIUVSFPmmRuxOal0I/aB5g==
  dependencies:
    uarray "^1.0.0"

valtio@1.3.0:
  version "1.3.0"
  resolved "https://registry.yarnpkg.com/valtio/-/valtio-1.3.0.tgz#b83cfcca8455940119738659946565d5c0389af8"
  integrity sha512-wsE6EDIkt+CNZPNHOxNVzoi026Fyt6ZRT750etZCAvrndcdT3N7Z+SSV4kJQdCwl5gNxsnU4BhP1wFS7cu21oA==
  dependencies:
    proxy-compare "2.0.2"

vite@2.8.1:
  version "2.8.1"
  resolved "https://registry.yarnpkg.com/vite/-/vite-2.8.1.tgz#4b2a42c1d01d6786a2a4c278cd0ba7223b8ec15c"
  integrity sha512-Typ8qjUnW0p53gBsJpisrKcZlEbUPZATja9BG6Z09QZjg9YrnEn/htkr/VH4WhnH7eNUQeSD+wKI1lHzQRWskw==
  dependencies:
    esbuild "^0.14.14"
    postcss "^8.4.6"
    resolve "^1.22.0"
    rollup "^2.59.0"
  optionalDependencies:
    fsevents "~2.3.2"
